
Microsoft Visual Studio Solution File, Format Version 12.00
# Visual Studio Version 16
VisualStudioVersion = 16.0.30320.27
MinimumVisualStudioVersion = 10.0.40219.1
Project("{2150E333-8FDC-42A3-9474-1A3956D46DE8}") = "UI", "UI", "{AEEAED1C-1CFE-40A0-AEAE-780695F94830}"
EndProject
Project("{2150E333-8FDC-42A3-9474-1A3956D46DE8}") = "Domain", "Domain", "{0D8C81B3-CEFE-42D5-96DF-4B5BDEEFC1D5}"
EndProject
Project("{2150E333-8FDC-42A3-9474-1A3956D46DE8}") = "Test", "Test", "{1F736508-93BB-4C0D-8BBE-2C04B17D95DE}"
EndProject
Project("{FAE04EC0-301F-11D3-BF4B-00C04F79EFBC}") = "Cim.Test", "Cim.Test\Cim.Test.csproj", "{36BC2E3E-05F3-46D9-8F0B-D030074AEF6A}"
EndProject
Project("{FAE04EC0-301F-11D3-BF4B-00C04F79EFBC}") = "Cim.Manager", "Cim.Manager\Cim.Manager.csproj", "{A16814C2-B419-4161-975F-82B759E6B09B}"
EndProject
Project("{2150E333-8FDC-42A3-9474-1A3956D46DE8}") = "Tectone", "Tectone", "{6792CF42-6055-4FC5-A38B-095351169AD8}"
EndProject
Project("{FAE04EC0-301F-11D3-BF4B-00C04F79EFBC}") = "Tectone.Common", "..\..\..\..\core-dotnet\Tectone.Common\Tectone.Common.csproj", "{6A2DE030-769E-4C6D-8B89-C76ED4F22A3A}"
EndProject
Project("{FAE04EC0-301F-11D3-BF4B-00C04F79EFBC}") = "Tectone.Wpf.Telerik2019_3_1023", "..\..\..\..\core-dotnet\Tectone.Wpf.Telerik2019_3_1023\Tectone.Wpf.Telerik2019_3_1023.csproj", "{DDF3ABDC-76B9-4AB2-9AD2-BA561BEF8585}"
EndProject
Project("{FAE04EC0-301F-11D3-BF4B-00C04F79EFBC}") = "CimV3.Diagram", "CIM3.Diagram\CimV3.Diagram.csproj", "{8DEB37E5-1ACB-4772-BD10-95BEF37F0479}"
EndProject
Project("{2150E333-8FDC-42A3-9474-1A3956D46DE8}") = "구축Site", "구축Site", "{85C37AD3-D304-4BA6-AE8A-0E48FBE0A88C}"
EndProject
Project("{FAE04EC0-301F-11D3-BF4B-00C04F79EFBC}") = "OChang.AutoCotnrol.Pie", "OChang.AutoCotnrol.Pie\OChang.AutoCotnrol.Pie.csproj", "{E37A9233-68CC-42EC-B7B0-BDA66637F7BF}"
EndProject
Project("{2150E333-8FDC-42A3-9474-1A3956D46DE8}") = "오창 자동보정 PIE", "오창 자동보정 PIE", "{4B9BB879-B008-4BF9-A9B2-CADFF2C132D5}"
EndProject
Project("{FAE04EC0-301F-11D3-BF4B-00C04F79EFBC}") = "OChang.AutoControl.PIe.Test", "OChang.AutoControl.PIe.Test\OChang.AutoControl.PIe.Test.csproj", "{81470A9E-94D0-45CF-8814-F2B6A8C608B3}"
EndProject
Project("{FAE04EC0-301F-11D3-BF4B-00C04F79EFBC}") = "Cim.Domain", "Cim.Domain\Cim.Domain.csproj", "{8028222F-B7A1-4B0B-B711-63B109862E76}"
EndProject
Global
	GlobalSection(SolutionConfigurationPlatforms) = preSolution
		Debug|Any CPU = Debug|Any CPU
		Release|Any CPU = Release|Any CPU
	EndGlobalSection
	GlobalSection(ProjectConfigurationPlatforms) = postSolution
		{36BC2E3E-05F3-46D9-8F0B-D030074AEF6A}.Debug|Any CPU.ActiveCfg = Debug|Any CPU
		{36BC2E3E-05F3-46D9-8F0B-D030074AEF6A}.Debug|Any CPU.Build.0 = Debug|Any CPU
		{36BC2E3E-05F3-46D9-8F0B-D030074AEF6A}.Release|Any CPU.ActiveCfg = Release|Any CPU
		{36BC2E3E-05F3-46D9-8F0B-D030074AEF6A}.Release|Any CPU.Build.0 = Release|Any CPU
		{A16814C2-B419-4161-975F-82B759E6B09B}.Debug|Any CPU.ActiveCfg = Debug|Any CPU
		{A16814C2-B419-4161-975F-82B759E6B09B}.Debug|Any CPU.Build.0 = Debug|Any CPU
		{A16814C2-B419-4161-975F-82B759E6B09B}.Release|Any CPU.ActiveCfg = Release|Any CPU
		{A16814C2-B419-4161-975F-82B759E6B09B}.Release|Any CPU.Build.0 = Release|Any CPU
		{6A2DE030-769E-4C6D-8B89-C76ED4F22A3A}.Debug|Any CPU.ActiveCfg = Debug|Any CPU
		{6A2DE030-769E-4C6D-8B89-C76ED4F22A3A}.Debug|Any CPU.Build.0 = Debug|Any CPU
		{6A2DE030-769E-4C6D-8B89-C76ED4F22A3A}.Release|Any CPU.ActiveCfg = Release|Any CPU
		{6A2DE030-769E-4C6D-8B89-C76ED4F22A3A}.Release|Any CPU.Build.0 = Release|Any CPU
		{DDF3ABDC-76B9-4AB2-9AD2-BA561BEF8585}.Debug|Any CPU.ActiveCfg = Debug|Any CPU
		{DDF3ABDC-76B9-4AB2-9AD2-BA561BEF8585}.Debug|Any CPU.Build.0 = Debug|Any CPU
		{DDF3ABDC-76B9-4AB2-9AD2-BA561BEF8585}.Release|Any CPU.ActiveCfg = Release|Any CPU
		{DDF3ABDC-76B9-4AB2-9AD2-BA561BEF8585}.Release|Any CPU.Build.0 = Release|Any CPU
		{8DEB37E5-1ACB-4772-BD10-95BEF37F0479}.Debug|Any CPU.ActiveCfg = Debug|Any CPU
		{8DEB37E5-1ACB-4772-BD10-95BEF37F0479}.Debug|Any CPU.Build.0 = Debug|Any CPU
		{8DEB37E5-1ACB-4772-BD10-95BEF37F0479}.Release|Any CPU.ActiveCfg = Release|Any CPU
		{8DEB37E5-1ACB-4772-BD10-95BEF37F0479}.Release|Any CPU.Build.0 = Release|Any CPU
		{E37A9233-68CC-42EC-B7B0-BDA66637F7BF}.Debug|Any CPU.ActiveCfg = Debug|Any CPU
		{E37A9233-68CC-42EC-B7B0-BDA66637F7BF}.Debug|Any CPU.Build.0 = Debug|Any CPU
		{E37A9233-68CC-42EC-B7B0-BDA66637F7BF}.Release|Any CPU.ActiveCfg = Release|Any CPU
		{E37A9233-68CC-42EC-B7B0-BDA66637F7BF}.Release|Any CPU.Build.0 = Release|Any CPU
		{81470A9E-94D0-45CF-8814-F2B6A8C608B3}.Debug|Any CPU.ActiveCfg = Debug|Any CPU
		{81470A9E-94D0-45CF-8814-F2B6A8C608B3}.Debug|Any CPU.Build.0 = Debug|Any CPU
		{81470A9E-94D0-45CF-8814-F2B6A8C608B3}.Release|Any CPU.ActiveCfg = Release|Any CPU
		{81470A9E-94D0-45CF-8814-F2B6A8C608B3}.Release|Any CPU.Build.0 = Release|Any CPU
		{8028222F-B7A1-4B0B-B711-63B109862E76}.Debug|Any CPU.ActiveCfg = Debug|Any CPU
		{8028222F-B7A1-4B0B-B711-63B109862E76}.Debug|Any CPU.Build.0 = Debug|Any CPU
		{8028222F-B7A1-4B0B-B711-63B109862E76}.Release|Any CPU.ActiveCfg = Release|Any CPU
		{8028222F-B7A1-4B0B-B711-63B109862E76}.Release|Any CPU.Build.0 = Release|Any CPU
	EndGlobalSection
	GlobalSection(SolutionProperties) = preSolution
		HideSolutionNode = FALSE
	EndGlobalSection
	GlobalSection(NestedProjects) = preSolution
		{36BC2E3E-05F3-46D9-8F0B-D030074AEF6A} = {1F736508-93BB-4C0D-8BBE-2C04B17D95DE}
		{A16814C2-B419-4161-975F-82B759E6B09B} = {AEEAED1C-1CFE-40A0-AEAE-780695F94830}
		{6A2DE030-769E-4C6D-8B89-C76ED4F22A3A} = {6792CF42-6055-4FC5-A38B-095351169AD8}
		{DDF3ABDC-76B9-4AB2-9AD2-BA561BEF8585} = {6792CF42-6055-4FC5-A38B-095351169AD8}
		{8DEB37E5-1ACB-4772-BD10-95BEF37F0479} = {1F736508-93BB-4C0D-8BBE-2C04B17D95DE}
		{E37A9233-68CC-42EC-B7B0-BDA66637F7BF} = {4B9BB879-B008-4BF9-A9B2-CADFF2C132D5}
		{4B9BB879-B008-4BF9-A9B2-CADFF2C132D5} = {85C37AD3-D304-4BA6-AE8A-0E48FBE0A88C}
		{81470A9E-94D0-45CF-8814-F2B6A8C608B3} = {4B9BB879-B008-4BF9-A9B2-CADFF2C132D5}
		{8028222F-B7A1-4B0B-B711-63B109862E76} = {0D8C81B3-CEFE-42D5-96DF-4B5BDEEFC1D5}
	EndGlobalSection
	GlobalSection(ExtensibilityGlobals) = postSolution
		SolutionGuid = {8C739902-667D-44B0-B7A9-8926FB2B52CC}
	EndGlobalSection
EndGlobal
